
Microsoft Visual Studio Solution File, Format Version 12.00
# Visual Studio Version 17
VisualStudioVersion = 17.3.32901.215
MinimumVisualStudioVersion = 10.0.40219.1
Project("{FAE04EC0-301F-11D3-BF4B-00C04F79EFBC}") = "button.13", "button.13\button.13.csproj", "{0961ACE1-28F3-42E2-9367-D9B84CBAAE8B}"
EndProject
Global
	GlobalSection(SolutionConfigurationPlatforms) = preSolution
		Debug|Any CPU = Debug|Any CPU
		Release|Any CPU = Release|Any CPU
	EndGlobalSection
	GlobalSection(ProjectConfigurationPlatforms) = postSolution
		{0961ACE1-28F3-42E2-9367-D9B84CBAAE8B}.Debug|Any CPU.ActiveCfg = Debug|Any CPU
		{0961ACE1-28F3-42E2-9367-D9B84CBAAE8B}.Debug|Any CPU.Build.0 = Debug|Any CPU
		{0961ACE1-28F3-42E2-9367-D9B84CBAAE8B}.Release|Any CPU.ActiveCfg = Release|Any CPU
		{0961ACE1-28F3-42E2-9367-D9B84CBAAE8B}.Release|Any CPU.Build.0 = Release|Any CPU
	EndGlobalSection
	GlobalSection(SolutionProperties) = preSolution
		HideSolutionNode = FALSE
	EndGlobalSection
	GlobalSection(ExtensibilityGlobals) = postSolution
		SolutionGuid = {1E1226EF-A9A1-4277-8E5E-28930A10ACCC}
	EndGlobalSection
EndGlobal
